
Microsoft Visual Studio Solution File, Format Version 12.00
# Visual Studio Version 17
VisualStudioVersion = 17.0.31903.59
MinimumVisualStudioVersion = 10.0.40219.1
Project("{2150E333-8FDC-42A3-9474-1A3956D46DE8}") = "src", "src", "{827E0CD3-B72D-47B6-A68D-7590B98EB39B}"
EndProject
Project("{FAE04EC0-301F-11D3-BF4B-00C04F79EFBC}") = "FCG.Api.Users.Domain", "src\FCG.Api.Users.Domain\FCG.Api.Users.Domain.csproj", "{3B65D205-9BD3-41CF-AC26-00D005C03438}"
EndProject
Project("{FAE04EC0-301F-11D3-BF4B-00C04F79EFBC}") = "FCG.Api.Users.Application", "src\FCG.Api.Users.Application\FCG.Api.Users.Application.csproj", "{D88C7885-3F74-4CB4-96AA-5280A439A5B9}"
EndProject
Project("{FAE04EC0-301F-11D3-BF4B-00C04F79EFBC}") = "FCG.Api.Users", "src\FCG.Api.Users\FCG.Api.Users.csproj", "{55DA2A79-055F-4A74-94A5-E63082D0E411}"
EndProject
Project("{FAE04EC0-301F-11D3-BF4B-00C04F79EFBC}") = "FCG.Api.Users.Infrastructure.AWS", "src\FCG.Api.Users.Infrastructure.AWS\FCG.Api.Users.Infrastructure.AWS.csproj", "{A44E7F04-9DC2-4B39-BBA5-9EAFC9F6C9B7}"
EndProject
Project("{2150E333-8FDC-42A3-9474-1A3956D46DE8}") = "tests", "tests", "{0AB3BF05-4346-4AA6-1389-037BE0695223}"
EndProject
Project("{FAE04EC0-301F-11D3-BF4B-00C04F79EFBC}") = "FCG.Api.Users.Domain.Tests", "tests\FCG.Api.Users.Domain.Tests\FCG.Api.Users.Domain.Tests.csproj", "{7611EB2F-A6DD-4311-906B-BB2EEFD6A917}"
EndProject
Project("{FAE04EC0-301F-11D3-BF4B-00C04F79EFBC}") = "FCG.Api.Users.Infrastructure.Data", "src\FCG.Api.Users.Infrastructure.Data\FCG.Api.Users.Infrastructure.Data.csproj", "{76361B6B-C867-406F-B50C-139DABC88167}"
EndProject
Global
	GlobalSection(SolutionConfigurationPlatforms) = preSolution
		Debug|Any CPU = Debug|Any CPU
		Debug|x64 = Debug|x64
		Debug|x86 = Debug|x86
		Release|Any CPU = Release|Any CPU
		Release|x64 = Release|x64
		Release|x86 = Release|x86
	EndGlobalSection
	GlobalSection(ProjectConfigurationPlatforms) = postSolution
		{3B65D205-9BD3-41CF-AC26-00D005C03438}.Debug|Any CPU.ActiveCfg = Debug|Any CPU
		{3B65D205-9BD3-41CF-AC26-00D005C03438}.Debug|Any CPU.Build.0 = Debug|Any CPU
		{3B65D205-9BD3-41CF-AC26-00D005C03438}.Debug|x64.ActiveCfg = Debug|Any CPU
		{3B65D205-9BD3-41CF-AC26-00D005C03438}.Debug|x64.Build.0 = Debug|Any CPU
		{3B65D205-9BD3-41CF-AC26-00D005C03438}.Debug|x86.ActiveCfg = Debug|Any CPU
		{3B65D205-9BD3-41CF-AC26-00D005C03438}.Debug|x86.Build.0 = Debug|Any CPU
		{3B65D205-9BD3-41CF-AC26-00D005C03438}.Release|Any CPU.ActiveCfg = Release|Any CPU
		{3B65D205-9BD3-41CF-AC26-00D005C03438}.Release|Any CPU.Build.0 = Release|Any CPU
		{3B65D205-9BD3-41CF-AC26-00D005C03438}.Release|x64.ActiveCfg = Release|Any CPU
		{3B65D205-9BD3-41CF-AC26-00D005C03438}.Release|x64.Build.0 = Release|Any CPU
		{3B65D205-9BD3-41CF-AC26-00D005C03438}.Release|x86.ActiveCfg = Release|Any CPU
		{3B65D205-9BD3-41CF-AC26-00D005C03438}.Release|x86.Build.0 = Release|Any CPU
		{D88C7885-3F74-4CB4-96AA-5280A439A5B9}.Debug|Any CPU.ActiveCfg = Debug|Any CPU
		{D88C7885-3F74-4CB4-96AA-5280A439A5B9}.Debug|Any CPU.Build.0 = Debug|Any CPU
		{D88C7885-3F74-4CB4-96AA-5280A439A5B9}.Debug|x64.ActiveCfg = Debug|Any CPU
		{D88C7885-3F74-4CB4-96AA-5280A439A5B9}.Debug|x64.Build.0 = Debug|Any CPU
		{D88C7885-3F74-4CB4-96AA-5280A439A5B9}.Debug|x86.ActiveCfg = Debug|Any CPU
		{D88C7885-3F74-4CB4-96AA-5280A439A5B9}.Debug|x86.Build.0 = Debug|Any CPU
		{D88C7885-3F74-4CB4-96AA-5280A439A5B9}.Release|Any CPU.ActiveCfg = Release|Any CPU
		{D88C7885-3F74-4CB4-96AA-5280A439A5B9}.Release|Any CPU.Build.0 = Release|Any CPU
		{D88C7885-3F74-4CB4-96AA-5280A439A5B9}.Release|x64.ActiveCfg = Release|Any CPU
		{D88C7885-3F74-4CB4-96AA-5280A439A5B9}.Release|x64.Build.0 = Release|Any CPU
		{D88C7885-3F74-4CB4-96AA-5280A439A5B9}.Release|x86.ActiveCfg = Release|Any CPU
		{D88C7885-3F74-4CB4-96AA-5280A439A5B9}.Release|x86.Build.0 = Release|Any CPU
		{55DA2A79-055F-4A74-94A5-E63082D0E411}.Debug|Any CPU.ActiveCfg = Debug|Any CPU
		{55DA2A79-055F-4A74-94A5-E63082D0E411}.Debug|Any CPU.Build.0 = Debug|Any CPU
		{55DA2A79-055F-4A74-94A5-E63082D0E411}.Debug|x64.ActiveCfg = Debug|Any CPU
		{55DA2A79-055F-4A74-94A5-E63082D0E411}.Debug|x64.Build.0 = Debug|Any CPU
		{55DA2A79-055F-4A74-94A5-E63082D0E411}.Debug|x86.ActiveCfg = Debug|Any CPU
		{55DA2A79-055F-4A74-94A5-E63082D0E411}.Debug|x86.Build.0 = Debug|Any CPU
		{55DA2A79-055F-4A74-94A5-E63082D0E411}.Release|Any CPU.ActiveCfg = Release|Any CPU
		{55DA2A79-055F-4A74-94A5-E63082D0E411}.Release|Any CPU.Build.0 = Release|Any CPU
		{55DA2A79-055F-4A74-94A5-E63082D0E411}.Release|x64.ActiveCfg = Release|Any CPU
		{55DA2A79-055F-4A74-94A5-E63082D0E411}.Release|x64.Build.0 = Release|Any CPU
		{55DA2A79-055F-4A74-94A5-E63082D0E411}.Release|x86.ActiveCfg = Release|Any CPU
		{55DA2A79-055F-4A74-94A5-E63082D0E411}.Release|x86.Build.0 = Release|Any CPU
		{A44E7F04-9DC2-4B39-BBA5-9EAFC9F6C9B7}.Debug|Any CPU.ActiveCfg = Debug|Any CPU
		{A44E7F04-9DC2-4B39-BBA5-9EAFC9F6C9B7}.Debug|Any CPU.Build.0 = Debug|Any CPU
		{A44E7F04-9DC2-4B39-BBA5-9EAFC9F6C9B7}.Debug|x64.ActiveCfg = Debug|Any CPU
		{A44E7F04-9DC2-4B39-BBA5-9EAFC9F6C9B7}.Debug|x64.Build.0 = Debug|Any CPU
		{A44E7F04-9DC2-4B39-BBA5-9EAFC9F6C9B7}.Debug|x86.ActiveCfg = Debug|Any CPU
		{A44E7F04-9DC2-4B39-BBA5-9EAFC9F6C9B7}.Debug|x86.Build.0 = Debug|Any CPU
		{A44E7F04-9DC2-4B39-BBA5-9EAFC9F6C9B7}.Release|Any CPU.ActiveCfg = Release|Any CPU
		{A44E7F04-9DC2-4B39-BBA5-9EAFC9F6C9B7}.Release|Any CPU.Build.0 = Release|Any CPU
		{A44E7F04-9DC2-4B39-BBA5-9EAFC9F6C9B7}.Release|x64.ActiveCfg = Release|Any CPU
		{A44E7F04-9DC2-4B39-BBA5-9EAFC9F6C9B7}.Release|x64.Build.0 = Release|Any CPU
		{A44E7F04-9DC2-4B39-BBA5-9EAFC9F6C9B7}.Release|x86.ActiveCfg = Release|Any CPU
		{A44E7F04-9DC2-4B39-BBA5-9EAFC9F6C9B7}.Release|x86.Build.0 = Release|Any CPU
		{7611EB2F-A6DD-4311-906B-BB2EEFD6A917}.Debug|Any CPU.ActiveCfg = Debug|Any CPU
		{7611EB2F-A6DD-4311-906B-BB2EEFD6A917}.Debug|Any CPU.Build.0 = Debug|Any CPU
		{7611EB2F-A6DD-4311-906B-BB2EEFD6A917}.Debug|x64.ActiveCfg = Debug|Any CPU
		{7611EB2F-A6DD-4311-906B-BB2EEFD6A917}.Debug|x64.Build.0 = Debug|Any CPU
		{7611EB2F-A6DD-4311-906B-BB2EEFD6A917}.Debug|x86.ActiveCfg = Debug|Any CPU
		{7611EB2F-A6DD-4311-906B-BB2EEFD6A917}.Debug|x86.Build.0 = Debug|Any CPU
		{7611EB2F-A6DD-4311-906B-BB2EEFD6A917}.Release|Any CPU.ActiveCfg = Release|Any CPU
		{7611EB2F-A6DD-4311-906B-BB2EEFD6A917}.Release|Any CPU.Build.0 = Release|Any CPU
		{7611EB2F-A6DD-4311-906B-BB2EEFD6A917}.Release|x64.ActiveCfg = Release|Any CPU
		{7611EB2F-A6DD-4311-906B-BB2EEFD6A917}.Release|x64.Build.0 = Release|Any CPU
		{7611EB2F-A6DD-4311-906B-BB2EEFD6A917}.Release|x86.ActiveCfg = Release|Any CPU
		{7611EB2F-A6DD-4311-906B-BB2EEFD6A917}.Release|x86.Build.0 = Release|Any CPU
		{76361B6B-C867-406F-B50C-139DABC88167}.Debug|Any CPU.ActiveCfg = Debug|Any CPU
		{76361B6B-C867-406F-B50C-139DABC88167}.Debug|Any CPU.Build.0 = Debug|Any CPU
		{76361B6B-C867-406F-B50C-139DABC88167}.Debug|x64.ActiveCfg = Debug|Any CPU
		{76361B6B-C867-406F-B50C-139DABC88167}.Debug|x64.Build.0 = Debug|Any CPU
		{76361B6B-C867-406F-B50C-139DABC88167}.Debug|x86.ActiveCfg = Debug|Any CPU
		{76361B6B-C867-406F-B50C-139DABC88167}.Debug|x86.Build.0 = Debug|Any CPU
		{76361B6B-C867-406F-B50C-139DABC88167}.Release|Any CPU.ActiveCfg = Release|Any CPU
		{76361B6B-C867-406F-B50C-139DABC88167}.Release|Any CPU.Build.0 = Release|Any CPU
		{76361B6B-C867-406F-B50C-139DABC88167}.Release|x64.ActiveCfg = Release|Any CPU
		{76361B6B-C867-406F-B50C-139DABC88167}.Release|x64.Build.0 = Release|Any CPU
		{76361B6B-C867-406F-B50C-139DABC88167}.Release|x86.ActiveCfg = Release|Any CPU
		{76361B6B-C867-406F-B50C-139DABC88167}.Release|x86.Build.0 = Release|Any CPU
	EndGlobalSection
	GlobalSection(SolutionProperties) = preSolution
		HideSolutionNode = FALSE
	EndGlobalSection
	GlobalSection(NestedProjects) = preSolution
		{3B65D205-9BD3-41CF-AC26-00D005C03438} = {827E0CD3-B72D-47B6-A68D-7590B98EB39B}
		{D88C7885-3F74-4CB4-96AA-5280A439A5B9} = {827E0CD3-B72D-47B6-A68D-7590B98EB39B}
		{55DA2A79-055F-4A74-94A5-E63082D0E411} = {827E0CD3-B72D-47B6-A68D-7590B98EB39B}
		{A44E7F04-9DC2-4B39-BBA5-9EAFC9F6C9B7} = {827E0CD3-B72D-47B6-A68D-7590B98EB39B}
		{7611EB2F-A6DD-4311-906B-BB2EEFD6A917} = {0AB3BF05-4346-4AA6-1389-037BE0695223}
		{76361B6B-C867-406F-B50C-139DABC88167} = {827E0CD3-B72D-47B6-A68D-7590B98EB39B}
	EndGlobalSection
EndGlobal
